
Microsoft Visual Studio Solution File, Format Version 12.00
# Visual Studio 15
VisualStudioVersion = 15.0.28307.168
MinimumVisualStudioVersion = 10.0.40219.1
Project("{9A19103F-16F7-4668-BE54-9A1E7A4F7556}") = "DotNetCore.Api", "DotNetCore.Api\DotNetCore.Api.csproj", "{3CA3CBE6-4F01-4D62-9C3D-4AB1688D7ED7}"
EndProject
Project("{9A19103F-16F7-4668-BE54-9A1E7A4F7556}") = "DotNetCore.Dal", "DotNetCore.Dal\DotNetCore.Dal.csproj", "{2A23F619-315B-4ECE-8A0F-2746D1771B28}"
EndProject
Project("{9A19103F-16F7-4668-BE54-9A1E7A4F7556}") = "DotNetCore.Infrastruct", "DotNetCore.Infrastruct\DotNetCore.Infrastruct.csproj", "{51C9468B-6281-4FE5-A716-8098F2CBDFB8}"
EndProject
Project("{2150E333-8FDC-42A3-9474-1A3956D46DE8}") = "01_Presentation", "01_Presentation", "{89E9914F-07C1-4C71-8DAF-15282BB0C845}"
EndProject
Project("{2150E333-8FDC-42A3-9474-1A3956D46DE8}") = "02_Business", "02_Business", "{1BBF4D4E-3AB8-4446-B4DF-B597A411FCF2}"
EndProject
Project("{2150E333-8FDC-42A3-9474-1A3956D46DE8}") = "03_DataAccess", "03_DataAccess", "{51F87761-ACDF-47BC-AD2A-5E988DF2420D}"
EndProject
Project("{2150E333-8FDC-42A3-9474-1A3956D46DE8}") = "Entities", "Entities", "{2633341A-C7AC-4CB2-B01B-989677329B0B}"
EndProject
Project("{2150E333-8FDC-42A3-9474-1A3956D46DE8}") = "Common", "Common", "{D3BA77AB-9F69-416F-AE03-618B2186217D}"
EndProject
Project("{FAE04EC0-301F-11D3-BF4B-00C04F79EFBC}") = "DotNetCore.Entity", "DotNetCore.Entity\DotNetCore.Entity.csproj", "{94C275D8-46B3-42D8-B10D-968C74201FE1}"
EndProject
Project("{FAE04EC0-301F-11D3-BF4B-00C04F79EFBC}") = "DotNetCore.Dto", "DotNetCore.Dto\DotNetCore.Dto.csproj", "{E700287D-C395-4AF7-854A-CD28663C000A}"
EndProject
Global
	GlobalSection(SolutionConfigurationPlatforms) = preSolution
		Debug|Any CPU = Debug|Any CPU
		Release|Any CPU = Release|Any CPU
	EndGlobalSection
	GlobalSection(ProjectConfigurationPlatforms) = postSolution
		{3CA3CBE6-4F01-4D62-9C3D-4AB1688D7ED7}.Debug|Any CPU.ActiveCfg = Debug|Any CPU
		{3CA3CBE6-4F01-4D62-9C3D-4AB1688D7ED7}.Debug|Any CPU.Build.0 = Debug|Any CPU
		{3CA3CBE6-4F01-4D62-9C3D-4AB1688D7ED7}.Release|Any CPU.ActiveCfg = Release|Any CPU
		{3CA3CBE6-4F01-4D62-9C3D-4AB1688D7ED7}.Release|Any CPU.Build.0 = Release|Any CPU
		{2A23F619-315B-4ECE-8A0F-2746D1771B28}.Debug|Any CPU.ActiveCfg = Debug|Any CPU
		{2A23F619-315B-4ECE-8A0F-2746D1771B28}.Debug|Any CPU.Build.0 = Debug|Any CPU
		{2A23F619-315B-4ECE-8A0F-2746D1771B28}.Release|Any CPU.ActiveCfg = Release|Any CPU
		{2A23F619-315B-4ECE-8A0F-2746D1771B28}.Release|Any CPU.Build.0 = Release|Any CPU
		{51C9468B-6281-4FE5-A716-8098F2CBDFB8}.Debug|Any CPU.ActiveCfg = Debug|Any CPU
		{51C9468B-6281-4FE5-A716-8098F2CBDFB8}.Debug|Any CPU.Build.0 = Debug|Any CPU
		{51C9468B-6281-4FE5-A716-8098F2CBDFB8}.Release|Any CPU.ActiveCfg = Release|Any CPU
		{51C9468B-6281-4FE5-A716-8098F2CBDFB8}.Release|Any CPU.Build.0 = Release|Any CPU
		{94C275D8-46B3-42D8-B10D-968C74201FE1}.Debug|Any CPU.ActiveCfg = Debug|Any CPU
		{94C275D8-46B3-42D8-B10D-968C74201FE1}.Debug|Any CPU.Build.0 = Debug|Any CPU
		{94C275D8-46B3-42D8-B10D-968C74201FE1}.Release|Any CPU.ActiveCfg = Release|Any CPU
		{94C275D8-46B3-42D8-B10D-968C74201FE1}.Release|Any CPU.Build.0 = Release|Any CPU
		{E700287D-C395-4AF7-854A-CD28663C000A}.Debug|Any CPU.ActiveCfg = Debug|Any CPU
		{E700287D-C395-4AF7-854A-CD28663C000A}.Debug|Any CPU.Build.0 = Debug|Any CPU
		{E700287D-C395-4AF7-854A-CD28663C000A}.Release|Any CPU.ActiveCfg = Release|Any CPU
		{E700287D-C395-4AF7-854A-CD28663C000A}.Release|Any CPU.Build.0 = Release|Any CPU
	EndGlobalSection
	GlobalSection(SolutionProperties) = preSolution
		HideSolutionNode = FALSE
	EndGlobalSection
	GlobalSection(NestedProjects) = preSolution
		{3CA3CBE6-4F01-4D62-9C3D-4AB1688D7ED7} = {89E9914F-07C1-4C71-8DAF-15282BB0C845}
		{2A23F619-315B-4ECE-8A0F-2746D1771B28} = {51F87761-ACDF-47BC-AD2A-5E988DF2420D}
		{51C9468B-6281-4FE5-A716-8098F2CBDFB8} = {D3BA77AB-9F69-416F-AE03-618B2186217D}
		{2633341A-C7AC-4CB2-B01B-989677329B0B} = {D3BA77AB-9F69-416F-AE03-618B2186217D}
		{94C275D8-46B3-42D8-B10D-968C74201FE1} = {2633341A-C7AC-4CB2-B01B-989677329B0B}
		{E700287D-C395-4AF7-854A-CD28663C000A} = {2633341A-C7AC-4CB2-B01B-989677329B0B}
	EndGlobalSection
	GlobalSection(ExtensibilityGlobals) = postSolution
		SolutionGuid = {FF2DF8B0-E541-4C47-B2D0-0A1CD7E7F67A}
	EndGlobalSection
EndGlobal
